
Microsoft Visual Studio Solution File, Format Version 12.00
# Visual Studio Version 17
VisualStudioVersion = 17.1.32328.378
MinimumVisualStudioVersion = 10.0.40219.1
Project("{9A19103F-16F7-4668-BE54-9A1E7A4F7556}") = "tMLTestMod", "tMLTestMod.csproj", "{7D499458-8E4D-4DB2-9FF5-FF5558F70FBC}"
EndProject
Global
	GlobalSection(SolutionConfigurationPlatforms) = preSolution
		Debug|Any CPU = Debug|Any CPU
		Release|Any CPU = Release|Any CPU
	EndGlobalSection
	GlobalSection(ProjectConfigurationPlatforms) = postSolution
		{7D499458-8E4D-4DB2-9FF5-FF5558F70FBC}.Debug|Any CPU.ActiveCfg = Debug|Any CPU
		{7D499458-8E4D-4DB2-9FF5-FF5558F70FBC}.Debug|Any CPU.Build.0 = Debug|Any CPU
		{7D499458-8E4D-4DB2-9FF5-FF5558F70FBC}.Release|Any CPU.ActiveCfg = Release|Any CPU
		{7D499458-8E4D-4DB2-9FF5-FF5558F70FBC}.Release|Any CPU.Build.0 = Release|Any CPU
	EndGlobalSection
	GlobalSection(SolutionProperties) = preSolution
		HideSolutionNode = FALSE
	EndGlobalSection
	GlobalSection(ExtensibilityGlobals) = postSolution
		SolutionGuid = {40E0EA45-7DAD-46D9-9769-15D478A13D6D}
	EndGlobalSection
EndGlobal
